
Microsoft Visual Studio Solution File, Format Version 12.00
# Visual Studio Version 17
VisualStudioVersion = 17.14.36310.24 d17.14
MinimumVisualStudioVersion = 10.0.40219.1
Project("{FAE04EC0-301F-11D3-BF4B-00C04F79EFBC}") = "libmngmnt", "libmngmnt.csproj", "{89E744DE-3C4C-40A6-89BB-FE54065D686D}"
EndProject
Global
	GlobalSection(SolutionConfigurationPlatforms) = preSolution
		Debug|Any CPU = Debug|Any CPU
		Release|Any CPU = Release|Any CPU
	EndGlobalSection
	GlobalSection(ProjectConfigurationPlatforms) = postSolution
		{89E744DE-3C4C-40A6-89BB-FE54065D686D}.Debug|Any CPU.ActiveCfg = Debug|Any CPU
		{89E744DE-3C4C-40A6-89BB-FE54065D686D}.Debug|Any CPU.Build.0 = Debug|Any CPU
		{89E744DE-3C4C-40A6-89BB-FE54065D686D}.Release|Any CPU.ActiveCfg = Release|Any CPU
		{89E744DE-3C4C-40A6-89BB-FE54065D686D}.Release|Any CPU.Build.0 = Release|Any CPU
	EndGlobalSection
	GlobalSection(SolutionProperties) = preSolution
		HideSolutionNode = FALSE
	EndGlobalSection
	GlobalSection(ExtensibilityGlobals) = postSolution
		SolutionGuid = {1FF36A60-B55A-400F-B41A-AA769D50740F}
	EndGlobalSection
EndGlobal
