
Microsoft Visual Studio Solution File, Format Version 12.00
# Visual Studio Version 17
VisualStudioVersion = 17.14.36310.24 d17.14
MinimumVisualStudioVersion = 10.0.40219.1
Project("{FAE04EC0-301F-11D3-BF4B-00C04F79EFBC}") = "stdmngmnt", "stdmngmnt.csproj", "{3A701852-2939-47CA-9707-418F0FA7AC3B}"
EndProject
Global
	GlobalSection(SolutionConfigurationPlatforms) = preSolution
		Debug|Any CPU = Debug|Any CPU
		Release|Any CPU = Release|Any CPU
	EndGlobalSection
	GlobalSection(ProjectConfigurationPlatforms) = postSolution
		{3A701852-2939-47CA-9707-418F0FA7AC3B}.Debug|Any CPU.ActiveCfg = Debug|Any CPU
		{3A701852-2939-47CA-9707-418F0FA7AC3B}.Debug|Any CPU.Build.0 = Debug|Any CPU
		{3A701852-2939-47CA-9707-418F0FA7AC3B}.Release|Any CPU.ActiveCfg = Release|Any CPU
		{3A701852-2939-47CA-9707-418F0FA7AC3B}.Release|Any CPU.Build.0 = Release|Any CPU
	EndGlobalSection
	GlobalSection(SolutionProperties) = preSolution
		HideSolutionNode = FALSE
	EndGlobalSection
	GlobalSection(ExtensibilityGlobals) = postSolution
		SolutionGuid = {682A5FE6-758E-4B01-B37A-831577C032F8}
	EndGlobalSection
EndGlobal
